
Microsoft Visual Studio Solution File, Format Version 12.00
# Visual Studio Version 16
VisualStudioVersion = 16.0.30320.27
MinimumVisualStudioVersion = 10.0.40219.1
Project("{FAE04EC0-301F-11D3-BF4B-00C04F79EFBC}") = "Boards.Server", "Boards\Server\Boards.Server.csproj", "{53D85C07-E2AC-4FF5-A8E6-09D1C257AFE7}"
EndProject
Project("{FAE04EC0-301F-11D3-BF4B-00C04F79EFBC}") = "Boards.Client", "Boards\Client\Boards.Client.csproj", "{ED0674B9-2390-4DA5-B503-D939D8C6675E}"
EndProject
Project("{FAE04EC0-301F-11D3-BF4B-00C04F79EFBC}") = "Boards.Shared", "Boards\Shared\Boards.Shared.csproj", "{4D9A99E1-F901-482F-8CBA-3E516F6DC756}"
EndProject
Global
	GlobalSection(SolutionConfigurationPlatforms) = preSolution
		Debug|Any CPU = Debug|Any CPU
		Release|Any CPU = Release|Any CPU
	EndGlobalSection
	GlobalSection(ProjectConfigurationPlatforms) = postSolution
		{53D85C07-E2AC-4FF5-A8E6-09D1C257AFE7}.Debug|Any CPU.ActiveCfg = Debug|Any CPU
		{53D85C07-E2AC-4FF5-A8E6-09D1C257AFE7}.Debug|Any CPU.Build.0 = Debug|Any CPU
		{53D85C07-E2AC-4FF5-A8E6-09D1C257AFE7}.Release|Any CPU.ActiveCfg = Release|Any CPU
		{53D85C07-E2AC-4FF5-A8E6-09D1C257AFE7}.Release|Any CPU.Build.0 = Release|Any CPU
		{ED0674B9-2390-4DA5-B503-D939D8C6675E}.Debug|Any CPU.ActiveCfg = Debug|Any CPU
		{ED0674B9-2390-4DA5-B503-D939D8C6675E}.Debug|Any CPU.Build.0 = Debug|Any CPU
		{ED0674B9-2390-4DA5-B503-D939D8C6675E}.Release|Any CPU.ActiveCfg = Release|Any CPU
		{ED0674B9-2390-4DA5-B503-D939D8C6675E}.Release|Any CPU.Build.0 = Release|Any CPU
		{4D9A99E1-F901-482F-8CBA-3E516F6DC756}.Debug|Any CPU.ActiveCfg = Debug|Any CPU
		{4D9A99E1-F901-482F-8CBA-3E516F6DC756}.Debug|Any CPU.Build.0 = Debug|Any CPU
		{4D9A99E1-F901-482F-8CBA-3E516F6DC756}.Release|Any CPU.ActiveCfg = Release|Any CPU
		{4D9A99E1-F901-482F-8CBA-3E516F6DC756}.Release|Any CPU.Build.0 = Release|Any CPU
	EndGlobalSection
	GlobalSection(SolutionProperties) = preSolution
		HideSolutionNode = FALSE
	EndGlobalSection
	GlobalSection(ExtensibilityGlobals) = postSolution
		SolutionGuid = {06ACC239-C7A8-419B-8A06-CA650C5709B3}
	EndGlobalSection
EndGlobal
